
Microsoft Visual Studio Solution File, Format Version 12.00
# Visual Studio Version 17
VisualStudioVersion = 17.13.35931.197 d17.13
MinimumVisualStudioVersion = 10.0.40219.1
Project("{FAE04EC0-301F-11D3-BF4B-00C04F79EFBC}") = "Modulo01EX03", "Modulo01EX03.csproj", "{6C04FAC5-49F6-4958-8BBF-16E93C49A1B4}"
EndProject
Global
	GlobalSection(SolutionConfigurationPlatforms) = preSolution
		Debug|Any CPU = Debug|Any CPU
		Release|Any CPU = Release|Any CPU
	EndGlobalSection
	GlobalSection(ProjectConfigurationPlatforms) = postSolution
		{6C04FAC5-49F6-4958-8BBF-16E93C49A1B4}.Debug|Any CPU.ActiveCfg = Debug|Any CPU
		{6C04FAC5-49F6-4958-8BBF-16E93C49A1B4}.Debug|Any CPU.Build.0 = Debug|Any CPU
		{6C04FAC5-49F6-4958-8BBF-16E93C49A1B4}.Release|Any CPU.ActiveCfg = Release|Any CPU
		{6C04FAC5-49F6-4958-8BBF-16E93C49A1B4}.Release|Any CPU.Build.0 = Release|Any CPU
	EndGlobalSection
	GlobalSection(SolutionProperties) = preSolution
		HideSolutionNode = FALSE
	EndGlobalSection
	GlobalSection(ExtensibilityGlobals) = postSolution
		SolutionGuid = {B5F4670E-EC51-489A-A40E-C3D393B0D988}
	EndGlobalSection
EndGlobal
